{
  "name": "react-example",
  "version": "0.0.0",
  "lockfileVersion": 3,
  "requires": true,
  "packages": {
    "": {
      "name": "react-example",
      "version": "0.0.0",
      "dependencies": {
        "@google/genai": "^2.4.0",
        "dotenv": "^17.2.3",
        "express": "^4.21.2",
        "leaflet": "^1.9.4",
        "leaflet.heat": "^0.2.0",
        "lucide-react": "^0.546.0",
        "motion": "^12.23.24",
        "react": "^19.0.1",
        "react-dom": "^19.0.1"
      },
      "devDependencies": {
        "@tailwindcss/vite": "^4.1.14",
        "@types/express": "^4.17.21",
        "@types/leaflet": "^1.9.22",
        "@types/leaflet.heat": "^0.2.5",
        "@types/node": "^22.14.0",
        "@vitejs/plugin-react": "^5.0.4",
        "autoprefixer": "^10.4.21",
        "esbuild": "^0.25.0",
        "tailwindcss": "^4.1.14",
        "tsx": "^4.21.0",
        "typescript": "~5.8.2",
        "vite": "^6.2.3"
      }
    },
    "node_modules/@google/genai": {
      "version": "2.4.0"
    },
    "node_modules/@tailwindcss/vite": {
      "version": "4.1.14",
      "peerDependencies": {
        "tailwindcss": "^4.0.0"
      }
    },
    "node_modules/@types/express": {
      "version": "4.17.21"
    },
    "node_modules/@types/leaflet": {
      "version": "1.9.22"
    },
    "node_modules/@types/leaflet.heat": {
      "version": "0.2.5"
    },
    "node_modules/@types/node": {
      "version": "22.14.0"
    },
    "node_modules/@vitejs/plugin-react": {
      "version": "5.0.4"
    },
    "node_modules/autoprefixer": {
      "version": "10.4.21"
    },
    "node_modules/dotenv": {
      "version": "17.2.3"
    },
    "node_modules/esbuild": {
      "version": "0.25.0"
    },
    "node_modules/express": {
      "version": "4.21.2"
    },
    "node_modules/leaflet": {
      "version": "1.9.4"
    },
    "node_modules/leaflet.heat": {
      "version": "0.2.0"
    },
    "node_modules/lucide-react": {
      "version": "0.546.0"
    },
    "node_modules/motion": {
      "version": "12.23.24"
    },
    "node_modules/react": {
      "version": "19.0.1"
    },
    "node_modules/react-dom": {
      "version": "19.0.1"
    },
    "node_modules/tailwindcss": {
      "version": "4.1.14"
    },
    "node_modules/tsx": {
      "version": "4.21.0"
    },
    "node_modules/typescript": {
      "version": "5.8.2"
    },
    "node_modules/vite": {
      "version": "6.2.3"
    }
  }
}
